
Microsoft Visual Studio Solution File, Format Version 12.00
# Visual Studio Version 17
VisualStudioVersion = 17.7.34221.43
MinimumVisualStudioVersion = 10.0.40219.1
Project("{2150E333-8FDC-42A3-9474-1A3956D46DE8}") = "BankApplication", "BankApplication", "{40CF4FB9-A795-4378-A126-0125135FA575}"
EndProject
Project("{9A19103F-16F7-4668-BE54-9A1E7A4F7556}") = "BankApp", "BankApp\BankApp.csproj", "{A0D5A018-3451-4032-8002-E3001C118785}"
EndProject
Project("{9A19103F-16F7-4668-BE54-9A1E7A4F7556}") = "BankAppTests", "BankAppTests\BankAppTests.csproj", "{4B84B201-1677-4351-96A6-73DDC2D9AC91}"
EndProject
Project("{2150E333-8FDC-42A3-9474-1A3956D46DE8}") = "WeatherApp", "WeatherApp", "{29F6290F-D4ED-4CA6-92D4-322634CE1F61}"
EndProject
Project("{9A19103F-16F7-4668-BE54-9A1E7A4F7556}") = "WeatherApp", "WeatherApp\WeatherApp.csproj", "{9F4A93A0-C6FC-41DB-B3DE-C75F5040F962}"
EndProject
Project("{9A19103F-16F7-4668-BE54-9A1E7A4F7556}") = "WeatherAppTests", "WeatherAppTests\WeatherAppTests.csproj", "{5969A246-9237-4207-BE01-45FDDE3FF991}"
EndProject
Project("{2150E333-8FDC-42A3-9474-1A3956D46DE8}") = "ChatGPTExercises", "ChatGPTExercises", "{9A9B42C7-74B1-4FE5-BF1F-A8C3A99092E1}"
EndProject
Project("{9A19103F-16F7-4668-BE54-9A1E7A4F7556}") = "StringManipulatorTests", "StringManipulatorTests\StringManipulatorTests.csproj", "{D601F908-A004-41F8-B224-B2AA1F908202}"
EndProject
Project("{9A19103F-16F7-4668-BE54-9A1E7A4F7556}") = "Manipulator", "Manipulator\Manipulator.csproj", "{0C1A8E8C-9D5C-4971-ACEC-66994B607B9E}"
EndProject
Project("{9A19103F-16F7-4668-BE54-9A1E7A4F7556}") = "ToDoList", "ToDoList\ToDoList.csproj", "{5C7FAF81-7478-4C04-8E28-59E5B61167F2}"
EndProject
Project("{9A19103F-16F7-4668-BE54-9A1E7A4F7556}") = "ToDoList.Tests", "ToDoList.Tests\ToDoList.Tests.csproj", "{FCE22180-0ADE-4C0A-A1E6-B4BD34942538}"
EndProject
Project("{2150E333-8FDC-42A3-9474-1A3956D46DE8}") = "TodoApp", "TodoApp", "{9251ECBB-D106-4234-8101-ED9B3C1CF2BA}"
EndProject
Project("{2150E333-8FDC-42A3-9474-1A3956D46DE8}") = "Shop", "Shop", "{77E6786F-0491-4B43-B380-0BC616632E77}"
EndProject
Project("{FAE04EC0-301F-11D3-BF4B-00C04F79EFBC}") = "Shop", "ShoppingCart\Shop.csproj", "{1A1DCCF7-EF00-46AE-93F2-27AB64FEF12B}"
EndProject
Project("{FAE04EC0-301F-11D3-BF4B-00C04F79EFBC}") = "Shop.Tests", "Shop.Tests\Shop.Tests.csproj", "{DF177450-519C-4DB8-9B11-AB12FEA7ED93}"
EndProject
Global
	GlobalSection(SolutionConfigurationPlatforms) = preSolution
		Debug|Any CPU = Debug|Any CPU
		Release|Any CPU = Release|Any CPU
	EndGlobalSection
	GlobalSection(ProjectConfigurationPlatforms) = postSolution
		{A0D5A018-3451-4032-8002-E3001C118785}.Debug|Any CPU.ActiveCfg = Debug|Any CPU
		{A0D5A018-3451-4032-8002-E3001C118785}.Debug|Any CPU.Build.0 = Debug|Any CPU
		{A0D5A018-3451-4032-8002-E3001C118785}.Release|Any CPU.ActiveCfg = Release|Any CPU
		{A0D5A018-3451-4032-8002-E3001C118785}.Release|Any CPU.Build.0 = Release|Any CPU
		{4B84B201-1677-4351-96A6-73DDC2D9AC91}.Debug|Any CPU.ActiveCfg = Debug|Any CPU
		{4B84B201-1677-4351-96A6-73DDC2D9AC91}.Debug|Any CPU.Build.0 = Debug|Any CPU
		{4B84B201-1677-4351-96A6-73DDC2D9AC91}.Release|Any CPU.ActiveCfg = Release|Any CPU
		{4B84B201-1677-4351-96A6-73DDC2D9AC91}.Release|Any CPU.Build.0 = Release|Any CPU
		{9F4A93A0-C6FC-41DB-B3DE-C75F5040F962}.Debug|Any CPU.ActiveCfg = Debug|Any CPU
		{9F4A93A0-C6FC-41DB-B3DE-C75F5040F962}.Debug|Any CPU.Build.0 = Debug|Any CPU
		{9F4A93A0-C6FC-41DB-B3DE-C75F5040F962}.Release|Any CPU.ActiveCfg = Release|Any CPU
		{9F4A93A0-C6FC-41DB-B3DE-C75F5040F962}.Release|Any CPU.Build.0 = Release|Any CPU
		{5969A246-9237-4207-BE01-45FDDE3FF991}.Debug|Any CPU.ActiveCfg = Debug|Any CPU
		{5969A246-9237-4207-BE01-45FDDE3FF991}.Debug|Any CPU.Build.0 = Debug|Any CPU
		{5969A246-9237-4207-BE01-45FDDE3FF991}.Release|Any CPU.ActiveCfg = Release|Any CPU
		{5969A246-9237-4207-BE01-45FDDE3FF991}.Release|Any CPU.Build.0 = Release|Any CPU
		{D601F908-A004-41F8-B224-B2AA1F908202}.Debug|Any CPU.ActiveCfg = Debug|Any CPU
		{D601F908-A004-41F8-B224-B2AA1F908202}.Debug|Any CPU.Build.0 = Debug|Any CPU
		{D601F908-A004-41F8-B224-B2AA1F908202}.Release|Any CPU.ActiveCfg = Release|Any CPU
		{D601F908-A004-41F8-B224-B2AA1F908202}.Release|Any CPU.Build.0 = Release|Any CPU
		{0C1A8E8C-9D5C-4971-ACEC-66994B607B9E}.Debug|Any CPU.ActiveCfg = Debug|Any CPU
		{0C1A8E8C-9D5C-4971-ACEC-66994B607B9E}.Debug|Any CPU.Build.0 = Debug|Any CPU
		{0C1A8E8C-9D5C-4971-ACEC-66994B607B9E}.Release|Any CPU.ActiveCfg = Release|Any CPU
		{0C1A8E8C-9D5C-4971-ACEC-66994B607B9E}.Release|Any CPU.Build.0 = Release|Any CPU
		{5C7FAF81-7478-4C04-8E28-59E5B61167F2}.Debug|Any CPU.ActiveCfg = Debug|Any CPU
		{5C7FAF81-7478-4C04-8E28-59E5B61167F2}.Debug|Any CPU.Build.0 = Debug|Any CPU
		{5C7FAF81-7478-4C04-8E28-59E5B61167F2}.Release|Any CPU.ActiveCfg = Release|Any CPU
		{5C7FAF81-7478-4C04-8E28-59E5B61167F2}.Release|Any CPU.Build.0 = Release|Any CPU
		{FCE22180-0ADE-4C0A-A1E6-B4BD34942538}.Debug|Any CPU.ActiveCfg = Debug|Any CPU
		{FCE22180-0ADE-4C0A-A1E6-B4BD34942538}.Debug|Any CPU.Build.0 = Debug|Any CPU
		{FCE22180-0ADE-4C0A-A1E6-B4BD34942538}.Release|Any CPU.ActiveCfg = Release|Any CPU
		{FCE22180-0ADE-4C0A-A1E6-B4BD34942538}.Release|Any CPU.Build.0 = Release|Any CPU
		{1A1DCCF7-EF00-46AE-93F2-27AB64FEF12B}.Debug|Any CPU.ActiveCfg = Debug|Any CPU
		{1A1DCCF7-EF00-46AE-93F2-27AB64FEF12B}.Debug|Any CPU.Build.0 = Debug|Any CPU
		{1A1DCCF7-EF00-46AE-93F2-27AB64FEF12B}.Release|Any CPU.ActiveCfg = Release|Any CPU
		{1A1DCCF7-EF00-46AE-93F2-27AB64FEF12B}.Release|Any CPU.Build.0 = Release|Any CPU
		{DF177450-519C-4DB8-9B11-AB12FEA7ED93}.Debug|Any CPU.ActiveCfg = Debug|Any CPU
		{DF177450-519C-4DB8-9B11-AB12FEA7ED93}.Debug|Any CPU.Build.0 = Debug|Any CPU
		{DF177450-519C-4DB8-9B11-AB12FEA7ED93}.Release|Any CPU.ActiveCfg = Release|Any CPU
		{DF177450-519C-4DB8-9B11-AB12FEA7ED93}.Release|Any CPU.Build.0 = Release|Any CPU
	EndGlobalSection
	GlobalSection(SolutionProperties) = preSolution
		HideSolutionNode = FALSE
	EndGlobalSection
	GlobalSection(NestedProjects) = preSolution
		{A0D5A018-3451-4032-8002-E3001C118785} = {40CF4FB9-A795-4378-A126-0125135FA575}
		{4B84B201-1677-4351-96A6-73DDC2D9AC91} = {40CF4FB9-A795-4378-A126-0125135FA575}
		{9F4A93A0-C6FC-41DB-B3DE-C75F5040F962} = {29F6290F-D4ED-4CA6-92D4-322634CE1F61}
		{5969A246-9237-4207-BE01-45FDDE3FF991} = {29F6290F-D4ED-4CA6-92D4-322634CE1F61}
		{D601F908-A004-41F8-B224-B2AA1F908202} = {9A9B42C7-74B1-4FE5-BF1F-A8C3A99092E1}
		{0C1A8E8C-9D5C-4971-ACEC-66994B607B9E} = {9A9B42C7-74B1-4FE5-BF1F-A8C3A99092E1}
		{5C7FAF81-7478-4C04-8E28-59E5B61167F2} = {9251ECBB-D106-4234-8101-ED9B3C1CF2BA}
		{FCE22180-0ADE-4C0A-A1E6-B4BD34942538} = {9251ECBB-D106-4234-8101-ED9B3C1CF2BA}
		{1A1DCCF7-EF00-46AE-93F2-27AB64FEF12B} = {77E6786F-0491-4B43-B380-0BC616632E77}
		{DF177450-519C-4DB8-9B11-AB12FEA7ED93} = {77E6786F-0491-4B43-B380-0BC616632E77}
	EndGlobalSection
	GlobalSection(ExtensibilityGlobals) = postSolution
		SolutionGuid = {F5B767A0-F085-4783-89F8-D006734CC072}
	EndGlobalSection
EndGlobal
